
Microsoft Visual Studio Solution File, Format Version 12.00
# Visual Studio Version 17
VisualStudioVersion = 17.8.34330.188
MinimumVisualStudioVersion = 10.0.40219.1
Project("{2150E333-8FDC-42A3-9474-1A3956D46DE8}") = "src", "src", "{DAD6DE3D-F768-45C9-9B12-951D38172EE3}"
EndProject
Project("{2150E333-8FDC-42A3-9474-1A3956D46DE8}") = "Core", "Core", "{9477FBB0-FEE3-4818-8973-6C10ACFF6098}"
EndProject
Project("{2150E333-8FDC-42A3-9474-1A3956D46DE8}") = "Production", "Production", "{AB345AA5-CBDF-4A40-875F-169C6BDD8C73}"
EndProject
Project("{FAE04EC0-301F-11D3-BF4B-00C04F79EFBC}") = "Core.Application", "src\Core\Core.Application\Core.Application.csproj", "{D47FE94A-592E-4769-A21E-7AA75A464B71}"
EndProject
Project("{FAE04EC0-301F-11D3-BF4B-00C04F79EFBC}") = "Core.CrossCuttingConcerns", "src\Core\Core.CrossCuttingConcerns\Core.CrossCuttingConcerns.csproj", "{5DF1E7A2-3A31-478C-915D-BEB98513779F}"
EndProject
Project("{FAE04EC0-301F-11D3-BF4B-00C04F79EFBC}") = "Core.ElasticSearch", "src\Core\Core.ElasticSearch\Core.ElasticSearch.csproj", "{94666865-35F9-4E03-B629-FE43E9EC9DBD}"
EndProject
Project("{FAE04EC0-301F-11D3-BF4B-00C04F79EFBC}") = "Core.Mailing", "src\Core\Core.Mailing\Core.Mailing.csproj", "{1A0B2C1E-3433-4206-8AA4-76C481135CD9}"
EndProject
Project("{FAE04EC0-301F-11D3-BF4B-00C04F79EFBC}") = "Core.Persistence", "src\Core\Core.Persistence\Core.Persistence.csproj", "{E709951C-2695-41D0-86A5-49B5ED3DC27C}"
EndProject
Project("{FAE04EC0-301F-11D3-BF4B-00C04F79EFBC}") = "Core.Security", "src\Core\Core.Security\Core.Security.csproj", "{E7FC5BE3-272E-41C8-9509-68E284C20A4A}"
EndProject
Project("{FAE04EC0-301F-11D3-BF4B-00C04F79EFBC}") = "Application", "src\Production\Application\Application.csproj", "{50D74E11-EB51-46FB-ADDD-DD6C62898C62}"
EndProject
Project("{FAE04EC0-301F-11D3-BF4B-00C04F79EFBC}") = "Domain", "src\Production\Domain\Domain.csproj", "{F393F576-21EA-4FE8-B1DE-ADCA09D1D5F1}"
EndProject
Project("{FAE04EC0-301F-11D3-BF4B-00C04F79EFBC}") = "Infrastructure", "src\Production\Infrastructure\Infrastructure.csproj", "{83BA2365-749A-4B41-B428-3405EDB5DFD7}"
EndProject
Project("{FAE04EC0-301F-11D3-BF4B-00C04F79EFBC}") = "Persistence", "src\Production\Persistence\Persistence.csproj", "{B28736F8-0771-481D-BAAA-F2F7F16FA315}"
EndProject
Project("{FAE04EC0-301F-11D3-BF4B-00C04F79EFBC}") = "WebAPI", "src\Production\WebAPI\WebAPI.csproj", "{16E93ED1-C3CD-419A-8AB0-2D6220146D50}"
EndProject
Global
	GlobalSection(SolutionConfigurationPlatforms) = preSolution
		Debug|Any CPU = Debug|Any CPU
		Release|Any CPU = Release|Any CPU
	EndGlobalSection
	GlobalSection(ProjectConfigurationPlatforms) = postSolution
		{D47FE94A-592E-4769-A21E-7AA75A464B71}.Debug|Any CPU.ActiveCfg = Debug|Any CPU
		{D47FE94A-592E-4769-A21E-7AA75A464B71}.Debug|Any CPU.Build.0 = Debug|Any CPU
		{D47FE94A-592E-4769-A21E-7AA75A464B71}.Release|Any CPU.ActiveCfg = Release|Any CPU
		{D47FE94A-592E-4769-A21E-7AA75A464B71}.Release|Any CPU.Build.0 = Release|Any CPU
		{5DF1E7A2-3A31-478C-915D-BEB98513779F}.Debug|Any CPU.ActiveCfg = Debug|Any CPU
		{5DF1E7A2-3A31-478C-915D-BEB98513779F}.Debug|Any CPU.Build.0 = Debug|Any CPU
		{5DF1E7A2-3A31-478C-915D-BEB98513779F}.Release|Any CPU.ActiveCfg = Release|Any CPU
		{5DF1E7A2-3A31-478C-915D-BEB98513779F}.Release|Any CPU.Build.0 = Release|Any CPU
		{94666865-35F9-4E03-B629-FE43E9EC9DBD}.Debug|Any CPU.ActiveCfg = Debug|Any CPU
		{94666865-35F9-4E03-B629-FE43E9EC9DBD}.Debug|Any CPU.Build.0 = Debug|Any CPU
		{94666865-35F9-4E03-B629-FE43E9EC9DBD}.Release|Any CPU.ActiveCfg = Release|Any CPU
		{94666865-35F9-4E03-B629-FE43E9EC9DBD}.Release|Any CPU.Build.0 = Release|Any CPU
		{1A0B2C1E-3433-4206-8AA4-76C481135CD9}.Debug|Any CPU.ActiveCfg = Debug|Any CPU
		{1A0B2C1E-3433-4206-8AA4-76C481135CD9}.Debug|Any CPU.Build.0 = Debug|Any CPU
		{1A0B2C1E-3433-4206-8AA4-76C481135CD9}.Release|Any CPU.ActiveCfg = Release|Any CPU
		{1A0B2C1E-3433-4206-8AA4-76C481135CD9}.Release|Any CPU.Build.0 = Release|Any CPU
		{E709951C-2695-41D0-86A5-49B5ED3DC27C}.Debug|Any CPU.ActiveCfg = Debug|Any CPU
		{E709951C-2695-41D0-86A5-49B5ED3DC27C}.Debug|Any CPU.Build.0 = Debug|Any CPU
		{E709951C-2695-41D0-86A5-49B5ED3DC27C}.Release|Any CPU.ActiveCfg = Release|Any CPU
		{E709951C-2695-41D0-86A5-49B5ED3DC27C}.Release|Any CPU.Build.0 = Release|Any CPU
		{E7FC5BE3-272E-41C8-9509-68E284C20A4A}.Debug|Any CPU.ActiveCfg = Debug|Any CPU
		{E7FC5BE3-272E-41C8-9509-68E284C20A4A}.Debug|Any CPU.Build.0 = Debug|Any CPU
		{E7FC5BE3-272E-41C8-9509-68E284C20A4A}.Release|Any CPU.ActiveCfg = Release|Any CPU
		{E7FC5BE3-272E-41C8-9509-68E284C20A4A}.Release|Any CPU.Build.0 = Release|Any CPU
		{50D74E11-EB51-46FB-ADDD-DD6C62898C62}.Debug|Any CPU.ActiveCfg = Debug|Any CPU
		{50D74E11-EB51-46FB-ADDD-DD6C62898C62}.Debug|Any CPU.Build.0 = Debug|Any CPU
		{50D74E11-EB51-46FB-ADDD-DD6C62898C62}.Release|Any CPU.ActiveCfg = Release|Any CPU
		{50D74E11-EB51-46FB-ADDD-DD6C62898C62}.Release|Any CPU.Build.0 = Release|Any CPU
		{F393F576-21EA-4FE8-B1DE-ADCA09D1D5F1}.Debug|Any CPU.ActiveCfg = Debug|Any CPU
		{F393F576-21EA-4FE8-B1DE-ADCA09D1D5F1}.Debug|Any CPU.Build.0 = Debug|Any CPU
		{F393F576-21EA-4FE8-B1DE-ADCA09D1D5F1}.Release|Any CPU.ActiveCfg = Release|Any CPU
		{F393F576-21EA-4FE8-B1DE-ADCA09D1D5F1}.Release|Any CPU.Build.0 = Release|Any CPU
		{83BA2365-749A-4B41-B428-3405EDB5DFD7}.Debug|Any CPU.ActiveCfg = Debug|Any CPU
		{83BA2365-749A-4B41-B428-3405EDB5DFD7}.Debug|Any CPU.Build.0 = Debug|Any CPU
		{83BA2365-749A-4B41-B428-3405EDB5DFD7}.Release|Any CPU.ActiveCfg = Release|Any CPU
		{83BA2365-749A-4B41-B428-3405EDB5DFD7}.Release|Any CPU.Build.0 = Release|Any CPU
		{B28736F8-0771-481D-BAAA-F2F7F16FA315}.Debug|Any CPU.ActiveCfg = Debug|Any CPU
		{B28736F8-0771-481D-BAAA-F2F7F16FA315}.Debug|Any CPU.Build.0 = Debug|Any CPU
		{B28736F8-0771-481D-BAAA-F2F7F16FA315}.Release|Any CPU.ActiveCfg = Release|Any CPU
		{B28736F8-0771-481D-BAAA-F2F7F16FA315}.Release|Any CPU.Build.0 = Release|Any CPU
		{16E93ED1-C3CD-419A-8AB0-2D6220146D50}.Debug|Any CPU.ActiveCfg = Debug|Any CPU
		{16E93ED1-C3CD-419A-8AB0-2D6220146D50}.Debug|Any CPU.Build.0 = Debug|Any CPU
		{16E93ED1-C3CD-419A-8AB0-2D6220146D50}.Release|Any CPU.ActiveCfg = Release|Any CPU
		{16E93ED1-C3CD-419A-8AB0-2D6220146D50}.Release|Any CPU.Build.0 = Release|Any CPU
	EndGlobalSection
	GlobalSection(SolutionProperties) = preSolution
		HideSolutionNode = FALSE
	EndGlobalSection
	GlobalSection(NestedProjects) = preSolution
		{9477FBB0-FEE3-4818-8973-6C10ACFF6098} = {DAD6DE3D-F768-45C9-9B12-951D38172EE3}
		{AB345AA5-CBDF-4A40-875F-169C6BDD8C73} = {DAD6DE3D-F768-45C9-9B12-951D38172EE3}
		{D47FE94A-592E-4769-A21E-7AA75A464B71} = {9477FBB0-FEE3-4818-8973-6C10ACFF6098}
		{5DF1E7A2-3A31-478C-915D-BEB98513779F} = {9477FBB0-FEE3-4818-8973-6C10ACFF6098}
		{94666865-35F9-4E03-B629-FE43E9EC9DBD} = {9477FBB0-FEE3-4818-8973-6C10ACFF6098}
		{1A0B2C1E-3433-4206-8AA4-76C481135CD9} = {9477FBB0-FEE3-4818-8973-6C10ACFF6098}
		{E709951C-2695-41D0-86A5-49B5ED3DC27C} = {9477FBB0-FEE3-4818-8973-6C10ACFF6098}
		{E7FC5BE3-272E-41C8-9509-68E284C20A4A} = {9477FBB0-FEE3-4818-8973-6C10ACFF6098}
		{50D74E11-EB51-46FB-ADDD-DD6C62898C62} = {AB345AA5-CBDF-4A40-875F-169C6BDD8C73}
		{F393F576-21EA-4FE8-B1DE-ADCA09D1D5F1} = {AB345AA5-CBDF-4A40-875F-169C6BDD8C73}
		{83BA2365-749A-4B41-B428-3405EDB5DFD7} = {AB345AA5-CBDF-4A40-875F-169C6BDD8C73}
		{B28736F8-0771-481D-BAAA-F2F7F16FA315} = {AB345AA5-CBDF-4A40-875F-169C6BDD8C73}
		{16E93ED1-C3CD-419A-8AB0-2D6220146D50} = {AB345AA5-CBDF-4A40-875F-169C6BDD8C73}
	EndGlobalSection
	GlobalSection(ExtensibilityGlobals) = postSolution
		SolutionGuid = {8FF75730-E164-48BF-ACC9-99198155752C}
	EndGlobalSection
EndGlobal
